{
  "originHash" : "d07fa0e6b19877948844812223200477a3c91932206aa37ef5d781525ecf07bf",
  "pins" : [
    {
      "identity" : "markymark",
      "kind" : "remoteSourceControl",
      "location" : "https://github.com/matty316/markymark.git",
      "state" : {
        "revision" : "a0f7ecfa0cb84340db9f0265c330a80163f5aafa",
        "version" : "0.0.5"
      }
    },
    {
      "identity" : "swift-argument-parser",
      "kind" : "remoteSourceControl",
      "location" : "https://github.com/apple/swift-argument-parser",
      "state" : {
        "revision" : "41982a3656a71c768319979febd796c6fd111d5c",
        "version" : "1.5.0"
      }
    }
  ],
  "version" : 3
}
