{
  "originHash" : "4efa8d8b5d2c1be5e12e3264dee815f4b0f5e7ca5641447bf8c28a7cca67536c",
  "pins" : [
    {
      "identity" : "markymark",
      "kind" : "remoteSourceControl",
      "location" : "https://github.com/matty316/markymark.git",
      "state" : {
        "revision" : "43f8c7b254870c497e68fedc02e8db2ca16a8d6d",
        "version" : "0.0.1"
      }
    },
    {
      "identity" : "swift-argument-parser",
      "kind" : "remoteSourceControl",
      "location" : "https://github.com/apple/swift-argument-parser",
      "state" : {
        "revision" : "41982a3656a71c768319979febd796c6fd111d5c",
        "version" : "1.5.0"
      }
    }
  ],
  "version" : 3
}
