{
  "originHash" : "de030cb538e7f255e1fbdcce94e47840a9545cc16fb336a5b6ab4392ea8fb8a1",
  "pins" : [
    {
      "identity" : "markymark",
      "kind" : "remoteSourceControl",
      "location" : "https://github.com/matty316/markymark.git",
      "state" : {
        "revision" : "de03ec86afde8cde136a8e903162ce717d5ebb70",
        "version" : "0.0.3"
      }
    },
    {
      "identity" : "swift-argument-parser",
      "kind" : "remoteSourceControl",
      "location" : "https://github.com/apple/swift-argument-parser",
      "state" : {
        "revision" : "41982a3656a71c768319979febd796c6fd111d5c",
        "version" : "1.5.0"
      }
    }
  ],
  "version" : 3
}
